
Microsoft Visual Studio Solution File, Format Version 12.00
# Visual Studio Version 16
VisualStudioVersion = 16.0.31112.23
MinimumVisualStudioVersion = 10.0.40219.1
Project("{FAE04EC0-301F-11D3-BF4B-00C04F79EFBC}") = "TentMonitorDesk2021", "TentMonitorDesk2021\TentMonitorDesk2021.csproj", "{4E1F2A8D-2ADE-41D0-B365-C838DB8FBEC1}"
EndProject
Global
	GlobalSection(SolutionConfigurationPlatforms) = preSolution
		Debug|Any CPU = Debug|Any CPU
		Release|Any CPU = Release|Any CPU
	EndGlobalSection
	GlobalSection(ProjectConfigurationPlatforms) = postSolution
		{4E1F2A8D-2ADE-41D0-B365-C838DB8FBEC1}.Debug|Any CPU.ActiveCfg = Debug|Any CPU
		{4E1F2A8D-2ADE-41D0-B365-C838DB8FBEC1}.Debug|Any CPU.Build.0 = Debug|Any CPU
		{4E1F2A8D-2ADE-41D0-B365-C838DB8FBEC1}.Release|Any CPU.ActiveCfg = Release|Any CPU
		{4E1F2A8D-2ADE-41D0-B365-C838DB8FBEC1}.Release|Any CPU.Build.0 = Release|Any CPU
	EndGlobalSection
	GlobalSection(SolutionProperties) = preSolution
		HideSolutionNode = FALSE
	EndGlobalSection
	GlobalSection(ExtensibilityGlobals) = postSolution
		SolutionGuid = {24230154-B690-48E1-B431-0E51F848C8EA}
	EndGlobalSection
EndGlobal
